{
  "object": {
    "pins": [
      {
        "package": "swift-argument-parser",
        "repositoryURL": "https://github.com/apple/swift-argument-parser.git",
        "state": {
          "branch": null,
          "revision": "831ed5e860a70e745bc1337830af4786b2576881",
          "version": "0.4.1"
        }
      },
      {
        "package": "swift-nio",
        "repositoryURL": "https://github.com/apple/swift-nio.git",
        "state": {
          "branch": null,
          "revision": "3be4e0980075de10a4bc8dee07491d49175cfd7a",
          "version": "2.27.0"
        }
      },
      {
        "package": "TelloSwift",
        "repositoryURL": "https://github.com/JASS-2021/TelloSwift.git",
        "state": {
          "branch": null,
          "revision": "b556998ae50b884031060110f12b77ecd1e41e13",
          "version": "1.1.0"
        }
      }
    ]
  },
  "version": 1
}
